
Microsoft Visual Studio Solution File, Format Version 12.00
# Visual Studio Version 17
VisualStudioVersion = 17.9.34701.34
MinimumVisualStudioVersion = 10.0.40219.1
Project("{9A19103F-16F7-4668-BE54-9A1E7A4F7556}") = "CodeLibrary", "CodeLibrary\CodeLibrary.csproj", "{0B1DAEAD-B5CC-4073-8DF3-4DFE5BB3B850}"
EndProject
Project("{2150E333-8FDC-42A3-9474-1A3956D46DE8}") = "Solution Items", "Solution Items", "{93471FC1-FD59-4778-A32C-57E3F8B08740}"
	ProjectSection(SolutionItems) = preProject
		README.md = README.md
	EndProjectSection
EndProject
Project("{9A19103F-16F7-4668-BE54-9A1E7A4F7556}") = "CodeLibrary.Tests", "CodeLibrary.Tests\CodeLibrary.Tests.csproj", "{73C69443-4666-4C95-9E55-AFE6325D077F}"
EndProject
Global
	GlobalSection(SolutionConfigurationPlatforms) = preSolution
		Debug|Any CPU = Debug|Any CPU
		Release|Any CPU = Release|Any CPU
	EndGlobalSection
	GlobalSection(ProjectConfigurationPlatforms) = postSolution
		{0B1DAEAD-B5CC-4073-8DF3-4DFE5BB3B850}.Debug|Any CPU.ActiveCfg = Debug|Any CPU
		{0B1DAEAD-B5CC-4073-8DF3-4DFE5BB3B850}.Debug|Any CPU.Build.0 = Debug|Any CPU
		{0B1DAEAD-B5CC-4073-8DF3-4DFE5BB3B850}.Release|Any CPU.ActiveCfg = Release|Any CPU
		{0B1DAEAD-B5CC-4073-8DF3-4DFE5BB3B850}.Release|Any CPU.Build.0 = Release|Any CPU
		{73C69443-4666-4C95-9E55-AFE6325D077F}.Debug|Any CPU.ActiveCfg = Debug|Any CPU
		{73C69443-4666-4C95-9E55-AFE6325D077F}.Debug|Any CPU.Build.0 = Debug|Any CPU
		{73C69443-4666-4C95-9E55-AFE6325D077F}.Release|Any CPU.ActiveCfg = Release|Any CPU
		{73C69443-4666-4C95-9E55-AFE6325D077F}.Release|Any CPU.Build.0 = Release|Any CPU
	EndGlobalSection
	GlobalSection(SolutionProperties) = preSolution
		HideSolutionNode = FALSE
	EndGlobalSection
	GlobalSection(ExtensibilityGlobals) = postSolution
		SolutionGuid = {599DFFBE-4718-4BBB-97FB-B7D01EEED91F}
	EndGlobalSection
EndGlobal
